
Microsoft Visual Studio Solution File, Format Version 12.00
# Visual Studio Version 17
VisualStudioVersion = 17.7.34031.279
MinimumVisualStudioVersion = 10.0.40219.1
Project("{888888A0-9F3D-457C-B088-3A5042F75D52}") = "GesturetoSpeechAugment", "GesturetoSpeechAugment\GesturetoSpeechAugment.pyproj", "{9508B064-FDA0-42A4-90E6-38AC2DBCAFD8}"
EndProject
Global
	GlobalSection(SolutionConfigurationPlatforms) = preSolution
		Debug|Any CPU = Debug|Any CPU
		Release|Any CPU = Release|Any CPU
	EndGlobalSection
	GlobalSection(ProjectConfigurationPlatforms) = postSolution
		{9508B064-FDA0-42A4-90E6-38AC2DBCAFD8}.Debug|Any CPU.ActiveCfg = Debug|Any CPU
		{9508B064-FDA0-42A4-90E6-38AC2DBCAFD8}.Release|Any CPU.ActiveCfg = Release|Any CPU
	EndGlobalSection
	GlobalSection(SolutionProperties) = preSolution
		HideSolutionNode = FALSE
	EndGlobalSection
	GlobalSection(ExtensibilityGlobals) = postSolution
		SolutionGuid = {D737BB02-E47A-42A2-846D-97638BE4F209}
	EndGlobalSection
EndGlobal
